{
  "nodes": {
    "bats-assert": {
      "flake": false,
      "locked": {
        "lastModified": 1636059754,
        "narHash": "sha256-ewME0l27ZqfmAwJO4h5biTALc9bDLv7Bl3ftBzBuZwk=",
        "owner": "bats-core",
        "repo": "bats-assert",
        "rev": "34551b1d7f8c7b677c1a66fc0ac140d6223409e5",
        "type": "github"
      },
      "original": {
        "owner": "bats-core",
        "repo": "bats-assert",
        "type": "github"
      }
    },
    "bats-support": {
      "flake": false,
      "locked": {
        "lastModified": 1548869839,
        "narHash": "sha256-Gr4ntadr42F2Ks8Pte2D4wNDbijhujuoJi4OPZnTAZU=",
        "owner": "bats-core",
        "repo": "bats-support",
        "rev": "d140a65044b2d6810381935ae7f0c94c7023c8c3",
        "type": "github"
      },
      "original": {
        "owner": "bats-core",
        "repo": "bats-support",
        "type": "github"
      }
    },
    "darwin": {
      "inputs": {
        "nixpkgs": [
          "nixpkgs"
        ]
      },
      "locked": {
        "lastModified": 1713946171,
        "narHash": "sha256-lc75rgRQLdp4Dzogv5cfqOg6qYc5Rp83oedF2t0kDp8=",
        "owner": "lnl7",
        "repo": "nix-darwin",
        "rev": "230a197063de9287128e2c68a7a4b0cd7d0b50a7",
        "type": "github"
      },
      "original": {
        "owner": "lnl7",
        "repo": "nix-darwin",
        "type": "github"
      }
    },
    "flake-utils": {
      "inputs": {
        "systems": "systems"
      },
      "locked": {
        "lastModified": 1710146030,
        "narHash": "sha256-SZ5L6eA7HJ/nmkzGG7/ISclqe6oZdOZTNoesiInkXPQ=",
        "owner": "numtide",
        "repo": "flake-utils",
        "rev": "b1d9ab70662946ef0850d488da1c9019f3a9752a",
        "type": "github"
      },
      "original": {
        "owner": "numtide",
        "repo": "flake-utils",
        "type": "github"
      }
    },
    "home-manager": {
      "inputs": {
        "nixpkgs": [
          "nixpkgs"
        ]
      },
      "locked": {
        "lastModified": 1714976273,
        "narHash": "sha256-IbYND3kbkN/GmV8pK8mglViHbdUgIJ1H48HiRPq2w3E=",
        "owner": "nix-community",
        "repo": "home-manager",
        "rev": "2b87a11125f988a9f67ee63eeaa3682bc841d9b5",
        "type": "github"
      },
      "original": {
        "owner": "nix-community",
        "repo": "home-manager",
        "type": "github"
      }
    },
    "hyprlang": {
      "inputs": {
        "nixpkgs": [
          "hyprlock",
          "nixpkgs"
        ],
        "systems": "systems_2"
      },
      "locked": {
        "lastModified": 1713121246,
        "narHash": "sha256-502X0Q0fhN6tJK7iEUA8CghONKSatW/Mqj4Wappd++0=",
        "owner": "hyprwm",
        "repo": "hyprlang",
        "rev": "78fcaa27ae9e1d782faa3ff06c8ea55ddce63706",
        "type": "github"
      },
      "original": {
        "owner": "hyprwm",
        "repo": "hyprlang",
        "type": "github"
      }
    },
    "hyprlang_2": {
      "inputs": {
        "nixpkgs": "nixpkgs",
        "systems": "systems_4"
      },
      "locked": {
        "lastModified": 1713121246,
        "narHash": "sha256-502X0Q0fhN6tJK7iEUA8CghONKSatW/Mqj4Wappd++0=",
        "owner": "hyprwm",
        "repo": "hyprlang",
        "rev": "78fcaa27ae9e1d782faa3ff06c8ea55ddce63706",
        "type": "github"
      },
      "original": {
        "owner": "hyprwm",
        "repo": "hyprlang",
        "type": "github"
      }
    },
    "hyprlock": {
      "inputs": {
        "hyprlang": "hyprlang",
        "nixpkgs": [
          "nixpkgs"
        ],
        "systems": "systems_3"
      },
      "locked": {
        "lastModified": 1714843107,
        "narHash": "sha256-89WxndRGO3CGuWE5XCaHKnsV3IKBRdOWqScp6o8enT4=",
        "owner": "hyprwm",
        "repo": "hyprlock",
        "rev": "c87af3aa1f6e6bd06cffaabcc400bd45e26d565a",
        "type": "github"
      },
      "original": {
        "owner": "hyprwm",
        "repo": "hyprlock",
        "type": "github"
      }
    },
    "hyprpaper": {
      "inputs": {
        "hyprlang": "hyprlang_2",
        "nixpkgs": [
          "nixpkgs"
        ],
        "systems": "systems_5"
      },
      "locked": {
        "lastModified": 1714910693,
        "narHash": "sha256-kkgjq8ZCnxYgqPX7O2kUHdzBm08bRlESCukSzE7XE2g=",
        "owner": "hyprwm",
        "repo": "hyprpaper",
        "rev": "1e1fc79d84c35a673c52cfa0be1ea9df1aed8442",
        "type": "github"
      },
      "original": {
        "owner": "hyprwm",
        "repo": "hyprpaper",
        "type": "github"
      }
    },
    "neovim-config": {
      "inputs": {
        "flake-utils": [
          "flake-utils"
        ],
        "nixpkgs": [
          "nixpkgs"
        ]
      },
      "locked": {
        "lastModified": 1714931156,
        "narHash": "sha256-cBqJN3rZys5IVZnfRgcWuw844b1zSak9sj2yQqmVPYI=",
        "owner": "thecodinglab",
        "repo": "neovim-config",
        "rev": "4f85cfac3d4a1941e0bb4cdaee9620b7b76dae70",
        "type": "github"
      },
      "original": {
        "owner": "thecodinglab",
        "repo": "neovim-config",
        "type": "github"
      }
    },
    "nixpkgs": {
      "locked": {
        "lastModified": 1708475490,
        "narHash": "sha256-g1v0TsWBQPX97ziznfJdWhgMyMGtoBFs102xSYO4syU=",
        "owner": "NixOS",
        "repo": "nixpkgs",
        "rev": "0e74ca98a74bc7270d28838369593635a5db3260",
        "type": "github"
      },
      "original": {
        "owner": "NixOS",
        "ref": "nixos-unstable",
        "repo": "nixpkgs",
        "type": "github"
      }
    },
    "nixpkgs_2": {
      "locked": {
        "lastModified": 1714906307,
        "narHash": "sha256-UlRZtrCnhPFSJlDQE7M0eyhgvuuHBTe1eJ9N9AQlJQ0=",
        "owner": "nixos",
        "repo": "nixpkgs",
        "rev": "25865a40d14b3f9cf19f19b924e2ab4069b09588",
        "type": "github"
      },
      "original": {
        "owner": "nixos",
        "ref": "nixos-unstable",
        "repo": "nixpkgs",
        "type": "github"
      }
    },
    "root": {
      "inputs": {
        "darwin": "darwin",
        "flake-utils": "flake-utils",
        "home-manager": "home-manager",
        "hyprlock": "hyprlock",
        "hyprpaper": "hyprpaper",
        "neovim-config": "neovim-config",
        "nixpkgs": "nixpkgs_2",
        "terranix": "terranix"
      }
    },
    "systems": {
      "locked": {
        "lastModified": 1681028828,
        "narHash": "sha256-Vy1rq5AaRuLzOxct8nz4T6wlgyUR7zLU309k9mBC768=",
        "owner": "nix-systems",
        "repo": "default",
        "rev": "da67096a3b9bf56a91d16901293e51ba5b49a27e",
        "type": "github"
      },
      "original": {
        "owner": "nix-systems",
        "repo": "default",
        "type": "github"
      }
    },
    "systems_2": {
      "locked": {
        "lastModified": 1689347949,
        "narHash": "sha256-12tWmuL2zgBgZkdoB6qXZsgJEH9LR3oUgpaQq2RbI80=",
        "owner": "nix-systems",
        "repo": "default-linux",
        "rev": "31732fcf5e8fea42e59c2488ad31a0e651500f68",
        "type": "github"
      },
      "original": {
        "owner": "nix-systems",
        "repo": "default-linux",
        "type": "github"
      }
    },
    "systems_3": {
      "locked": {
        "lastModified": 1689347949,
        "narHash": "sha256-12tWmuL2zgBgZkdoB6qXZsgJEH9LR3oUgpaQq2RbI80=",
        "owner": "nix-systems",
        "repo": "default-linux",
        "rev": "31732fcf5e8fea42e59c2488ad31a0e651500f68",
        "type": "github"
      },
      "original": {
        "owner": "nix-systems",
        "repo": "default-linux",
        "type": "github"
      }
    },
    "systems_4": {
      "locked": {
        "lastModified": 1689347949,
        "narHash": "sha256-12tWmuL2zgBgZkdoB6qXZsgJEH9LR3oUgpaQq2RbI80=",
        "owner": "nix-systems",
        "repo": "default-linux",
        "rev": "31732fcf5e8fea42e59c2488ad31a0e651500f68",
        "type": "github"
      },
      "original": {
        "owner": "nix-systems",
        "repo": "default-linux",
        "type": "github"
      }
    },
    "systems_5": {
      "locked": {
        "lastModified": 1689347949,
        "narHash": "sha256-12tWmuL2zgBgZkdoB6qXZsgJEH9LR3oUgpaQq2RbI80=",
        "owner": "nix-systems",
        "repo": "default-linux",
        "rev": "31732fcf5e8fea42e59c2488ad31a0e651500f68",
        "type": "github"
      },
      "original": {
        "owner": "nix-systems",
        "repo": "default-linux",
        "type": "github"
      }
    },
    "terranix": {
      "inputs": {
        "bats-assert": "bats-assert",
        "bats-support": "bats-support",
        "flake-utils": [
          "flake-utils"
        ],
        "nixpkgs": [
          "nixpkgs"
        ],
        "terranix-examples": "terranix-examples"
      },
      "locked": {
        "lastModified": 1695406838,
        "narHash": "sha256-xiUfVD6rtsVWFotVtUW3Q1nQh4obKzgvpN1wqZuGXvM=",
        "owner": "terranix",
        "repo": "terranix",
        "rev": "fc9077ca02ab5681935dbf0ecd725c4d889b9275",
        "type": "github"
      },
      "original": {
        "owner": "terranix",
        "repo": "terranix",
        "type": "github"
      }
    },
    "terranix-examples": {
      "locked": {
        "lastModified": 1636300201,
        "narHash": "sha256-0n1je1WpiR6XfCsvi8ZK7GrpEnMl+DpwhWaO1949Vbc=",
        "owner": "terranix",
        "repo": "terranix-examples",
        "rev": "a934aa1cf88f6bd6c6ddb4c77b77ec6e1660bd5e",
        "type": "github"
      },
      "original": {
        "owner": "terranix",
        "repo": "terranix-examples",
        "type": "github"
      }
    }
  },
  "root": "root",
  "version": 7
}
