{
  "nodes": {
    "bats-assert": {
      "flake": false,
      "locked": {
        "lastModified": 1636059754,
        "narHash": "sha256-ewME0l27ZqfmAwJO4h5biTALc9bDLv7Bl3ftBzBuZwk=",
        "owner": "bats-core",
        "repo": "bats-assert",
        "rev": "34551b1d7f8c7b677c1a66fc0ac140d6223409e5",
        "type": "github"
      },
      "original": {
        "owner": "bats-core",
        "repo": "bats-assert",
        "type": "github"
      }
    },
    "bats-support": {
      "flake": false,
      "locked": {
        "lastModified": 1548869839,
        "narHash": "sha256-Gr4ntadr42F2Ks8Pte2D4wNDbijhujuoJi4OPZnTAZU=",
        "owner": "bats-core",
        "repo": "bats-support",
        "rev": "d140a65044b2d6810381935ae7f0c94c7023c8c3",
        "type": "github"
      },
      "original": {
        "owner": "bats-core",
        "repo": "bats-support",
        "type": "github"
      }
    },
    "darwin": {
      "inputs": {
        "nixpkgs": [
          "nixpkgs"
        ]
      },
      "locked": {
        "lastModified": 1709771483,
        "narHash": "sha256-Hjzu9nCknHLQvhdaRFfCEprH0o15KcaNu1QDr3J88DI=",
        "owner": "lnl7",
        "repo": "nix-darwin",
        "rev": "550340062c16d7ef8c2cc20a3d2b97bcd3c6b6f6",
        "type": "github"
      },
      "original": {
        "owner": "lnl7",
        "repo": "nix-darwin",
        "type": "github"
      }
    },
    "flake-parts": {
      "inputs": {
        "nixpkgs-lib": "nixpkgs-lib"
      },
      "locked": {
        "lastModified": 1709336216,
        "narHash": "sha256-Dt/wOWeW6Sqm11Yh+2+t0dfEWxoMxGBvv3JpIocFl9E=",
        "owner": "hercules-ci",
        "repo": "flake-parts",
        "rev": "f7b3c975cf067e56e7cda6cb098ebe3fb4d74ca2",
        "type": "github"
      },
      "original": {
        "owner": "hercules-ci",
        "repo": "flake-parts",
        "type": "github"
      }
    },
    "flake-utils": {
      "inputs": {
        "systems": "systems"
      },
      "locked": {
        "lastModified": 1710146030,
        "narHash": "sha256-SZ5L6eA7HJ/nmkzGG7/ISclqe6oZdOZTNoesiInkXPQ=",
        "owner": "numtide",
        "repo": "flake-utils",
        "rev": "b1d9ab70662946ef0850d488da1c9019f3a9752a",
        "type": "github"
      },
      "original": {
        "owner": "numtide",
        "repo": "flake-utils",
        "type": "github"
      }
    },
    "home-manager": {
      "inputs": {
        "nixpkgs": [
          "nixpkgs"
        ]
      },
      "locked": {
        "lastModified": 1710164657,
        "narHash": "sha256-l64+ZjaQAVkHDVaK0VHwtXBdjcBD6nLBD+p7IfyBp/w=",
        "owner": "nix-community",
        "repo": "home-manager",
        "rev": "017b12de5b899ef9b64e2c035ce257bfe95b8ae2",
        "type": "github"
      },
      "original": {
        "owner": "nix-community",
        "repo": "home-manager",
        "type": "github"
      }
    },
    "neovim-config": {
      "inputs": {
        "flake-utils": [
          "flake-utils"
        ],
        "nixd-nightly": "nixd-nightly",
        "nixpkgs": [
          "nixpkgs"
        ]
      },
      "locked": {
        "lastModified": 1710241915,
        "narHash": "sha256-9L//3gmcd9ao85H35cSfETZCPgZ1Y9a/2m6LUC6JbCY=",
        "owner": "thecodinglab",
        "repo": "neovim-config",
        "rev": "822cf177f9f7c92ef044fda6d0ff2e511737d8a8",
        "type": "github"
      },
      "original": {
        "owner": "thecodinglab",
        "repo": "neovim-config",
        "type": "github"
      }
    },
    "nixd-nightly": {
      "inputs": {
        "flake-parts": "flake-parts",
        "nixpkgs": [
          "neovim-config",
          "nixpkgs"
        ]
      },
      "locked": {
        "lastModified": 1710142672,
        "narHash": "sha256-MRClVDHMGXglXpSR+RflwnrY/ngePqrxOwiwoh5/BtU=",
        "owner": "nix-community",
        "repo": "nixd",
        "rev": "eb40e5b315fafa1086f69be84918bbd9235e0a10",
        "type": "github"
      },
      "original": {
        "owner": "nix-community",
        "repo": "nixd",
        "type": "github"
      }
    },
    "nixpkgs": {
      "locked": {
        "lastModified": 1709961763,
        "narHash": "sha256-6H95HGJHhEZtyYA3rIQpvamMKAGoa8Yh2rFV29QnuGw=",
        "owner": "nixos",
        "repo": "nixpkgs",
        "rev": "3030f185ba6a4bf4f18b87f345f104e6a6961f34",
        "type": "github"
      },
      "original": {
        "owner": "nixos",
        "ref": "nixos-unstable",
        "repo": "nixpkgs",
        "type": "github"
      }
    },
    "nixpkgs-lib": {
      "locked": {
        "dir": "lib",
        "lastModified": 1709237383,
        "narHash": "sha256-cy6ArO4k5qTx+l5o+0mL9f5fa86tYUX3ozE1S+Txlds=",
        "owner": "NixOS",
        "repo": "nixpkgs",
        "rev": "1536926ef5621b09bba54035ae2bb6d806d72ac8",
        "type": "github"
      },
      "original": {
        "dir": "lib",
        "owner": "NixOS",
        "ref": "nixos-unstable",
        "repo": "nixpkgs",
        "type": "github"
      }
    },
    "root": {
      "inputs": {
        "darwin": "darwin",
        "flake-utils": "flake-utils",
        "home-manager": "home-manager",
        "neovim-config": "neovim-config",
        "nixpkgs": "nixpkgs",
        "terranix": "terranix"
      }
    },
    "systems": {
      "locked": {
        "lastModified": 1681028828,
        "narHash": "sha256-Vy1rq5AaRuLzOxct8nz4T6wlgyUR7zLU309k9mBC768=",
        "owner": "nix-systems",
        "repo": "default",
        "rev": "da67096a3b9bf56a91d16901293e51ba5b49a27e",
        "type": "github"
      },
      "original": {
        "owner": "nix-systems",
        "repo": "default",
        "type": "github"
      }
    },
    "terranix": {
      "inputs": {
        "bats-assert": "bats-assert",
        "bats-support": "bats-support",
        "flake-utils": [
          "flake-utils"
        ],
        "nixpkgs": [
          "nixpkgs"
        ],
        "terranix-examples": "terranix-examples"
      },
      "locked": {
        "lastModified": 1695406838,
        "narHash": "sha256-xiUfVD6rtsVWFotVtUW3Q1nQh4obKzgvpN1wqZuGXvM=",
        "owner": "terranix",
        "repo": "terranix",
        "rev": "fc9077ca02ab5681935dbf0ecd725c4d889b9275",
        "type": "github"
      },
      "original": {
        "owner": "terranix",
        "repo": "terranix",
        "type": "github"
      }
    },
    "terranix-examples": {
      "locked": {
        "lastModified": 1636300201,
        "narHash": "sha256-0n1je1WpiR6XfCsvi8ZK7GrpEnMl+DpwhWaO1949Vbc=",
        "owner": "terranix",
        "repo": "terranix-examples",
        "rev": "a934aa1cf88f6bd6c6ddb4c77b77ec6e1660bd5e",
        "type": "github"
      },
      "original": {
        "owner": "terranix",
        "repo": "terranix-examples",
        "type": "github"
      }
    }
  },
  "root": "root",
  "version": 7
}
